
Microsoft Visual Studio Solution File, Format Version 12.00
# Visual Studio Version 16
VisualStudioVersion = 16.0.31624.102
MinimumVisualStudioVersion = 10.0.40219.1
Project("{FAE04EC0-301F-11D3-BF4B-00C04F79EFBC}") = "Ejercicio Simple", "Ejercicio Simple\Ejercicio Simple.csproj", "{D3E38199-66A1-4EC5-83BB-83B903CA2FFE}"
EndProject
Global
	GlobalSection(SolutionConfigurationPlatforms) = preSolution
		Debug|Any CPU = Debug|Any CPU
		Release|Any CPU = Release|Any CPU
	EndGlobalSection
	GlobalSection(ProjectConfigurationPlatforms) = postSolution
		{D3E38199-66A1-4EC5-83BB-83B903CA2FFE}.Debug|Any CPU.ActiveCfg = Debug|Any CPU
		{D3E38199-66A1-4EC5-83BB-83B903CA2FFE}.Debug|Any CPU.Build.0 = Debug|Any CPU
		{D3E38199-66A1-4EC5-83BB-83B903CA2FFE}.Release|Any CPU.ActiveCfg = Release|Any CPU
		{D3E38199-66A1-4EC5-83BB-83B903CA2FFE}.Release|Any CPU.Build.0 = Release|Any CPU
	EndGlobalSection
	GlobalSection(SolutionProperties) = preSolution
		HideSolutionNode = FALSE
	EndGlobalSection
	GlobalSection(ExtensibilityGlobals) = postSolution
		SolutionGuid = {AE5E43D9-17F8-412C-BCF4-78C610DA8E46}
	EndGlobalSection
EndGlobal
